
Microsoft Visual Studio Solution File, Format Version 12.00
# Visual Studio Version 17
VisualStudioVersion = 17.14.37411.7 d17.14
MinimumVisualStudioVersion = 10.0.40219.1
Project("{FAE04EC0-301F-11D3-BF4B-00C04F79EFBC}") = "Abstract_Classes_And_Interfaces", "Abstract_Classes_And_Interfaces\Abstract_Classes_And_Interfaces.csproj", "{10C5D6F8-EE78-4781-B401-2E7E4AE295CE}"
EndProject
Global
	GlobalSection(SolutionConfigurationPlatforms) = preSolution
		Debug|Any CPU = Debug|Any CPU
		Release|Any CPU = Release|Any CPU
	EndGlobalSection
	GlobalSection(ProjectConfigurationPlatforms) = postSolution
		{10C5D6F8-EE78-4781-B401-2E7E4AE295CE}.Debug|Any CPU.ActiveCfg = Debug|Any CPU
		{10C5D6F8-EE78-4781-B401-2E7E4AE295CE}.Debug|Any CPU.Build.0 = Debug|Any CPU
		{10C5D6F8-EE78-4781-B401-2E7E4AE295CE}.Release|Any CPU.ActiveCfg = Release|Any CPU
		{10C5D6F8-EE78-4781-B401-2E7E4AE295CE}.Release|Any CPU.Build.0 = Release|Any CPU
	EndGlobalSection
	GlobalSection(SolutionProperties) = preSolution
		HideSolutionNode = FALSE
	EndGlobalSection
	GlobalSection(ExtensibilityGlobals) = postSolution
		SolutionGuid = {AC6D2F1D-9114-4E36-9885-759B9171950B}
	EndGlobalSection
EndGlobal
